
Microsoft Visual Studio Solution File, Format Version 12.00
# Visual Studio Version 17
VisualStudioVersion = 17.14.37411.7 d17.14
MinimumVisualStudioVersion = 10.0.40219.1
Project("{FAE04EC0-301F-11D3-BF4B-00C04F79EFBC}") = "ExcelApiPoc.AddIn", "ExcelApiPoc.AddIn\ExcelApiPoc.AddIn.csproj", "{A73DA429-59F9-4F60-A3B1-2108F7A6A825}"
EndProject
Project("{FAE04EC0-301F-11D3-BF4B-00C04F79EFBC}") = "ExcelApiPoc.Api", "ExcelApiPoc.Api\ExcelApiPoc.Api.csproj", "{17546955-0807-4D31-A95D-C1D833F4D244}"
EndProject
Global
	GlobalSection(SolutionConfigurationPlatforms) = preSolution
		Debug|Any CPU = Debug|Any CPU
		Release|Any CPU = Release|Any CPU
	EndGlobalSection
	GlobalSection(ProjectConfigurationPlatforms) = postSolution
		{A73DA429-59F9-4F60-A3B1-2108F7A6A825}.Debug|Any CPU.ActiveCfg = Debug|Any CPU
		{A73DA429-59F9-4F60-A3B1-2108F7A6A825}.Debug|Any CPU.Build.0 = Debug|Any CPU
		{A73DA429-59F9-4F60-A3B1-2108F7A6A825}.Release|Any CPU.ActiveCfg = Release|Any CPU
		{A73DA429-59F9-4F60-A3B1-2108F7A6A825}.Release|Any CPU.Build.0 = Release|Any CPU
		{17546955-0807-4D31-A95D-C1D833F4D244}.Debug|Any CPU.ActiveCfg = Debug|Any CPU
		{17546955-0807-4D31-A95D-C1D833F4D244}.Debug|Any CPU.Build.0 = Debug|Any CPU
		{17546955-0807-4D31-A95D-C1D833F4D244}.Release|Any CPU.ActiveCfg = Release|Any CPU
		{17546955-0807-4D31-A95D-C1D833F4D244}.Release|Any CPU.Build.0 = Release|Any CPU
	EndGlobalSection
	GlobalSection(SolutionProperties) = preSolution
		HideSolutionNode = FALSE
	EndGlobalSection
	GlobalSection(ExtensibilityGlobals) = postSolution
		SolutionGuid = {2E53B979-9D7C-4D9C-85B8-62C2AAEA185C}
	EndGlobalSection
EndGlobal
